
Microsoft Visual Studio Solution File, Format Version 12.00
# Visual Studio Version 17
VisualStudioVersion = 17.14.36301.6 d17.14
MinimumVisualStudioVersion = 10.0.40219.1
Project("{888888A0-9F3D-457C-B088-3A5042F75D52}") = "chainreactors_sideshift", "chainreactors_sideshift.pyproj", "{B7CEA396-82C2-4AD6-8A75-30D76D58BAA5}"
EndProject
Global
	GlobalSection(SolutionConfigurationPlatforms) = preSolution
		Debug|Any CPU = Debug|Any CPU
		Release|Any CPU = Release|Any CPU
	EndGlobalSection
	GlobalSection(ProjectConfigurationPlatforms) = postSolution
		{B7CEA396-82C2-4AD6-8A75-30D76D58BAA5}.Debug|Any CPU.ActiveCfg = Debug|Any CPU
		{B7CEA396-82C2-4AD6-8A75-30D76D58BAA5}.Release|Any CPU.ActiveCfg = Release|Any CPU
	EndGlobalSection
	GlobalSection(SolutionProperties) = preSolution
		HideSolutionNode = FALSE
	EndGlobalSection
	GlobalSection(ExtensibilityGlobals) = postSolution
		SolutionGuid = {61E2481B-7CAB-4F17-B7D7-AFC98DD6322D}
	EndGlobalSection
EndGlobal
